github.com/pchchv/extender v1.0.0 h1:NWpPIvB+inK9i5x5nWSDg8AiIrD7FWjGGXWi4K9U6ic=
github.com/pchchv/extender v1.0.0/go.mod h1:yBvlM+ngi32kHYIhz5D+qeuU4UhPg1/MWYQmBVwClLU=
github.com/pchchv/go-assert v1.0.0 h1:+/IYtZCgznNIRFbRbuGN5NakcoKGIOZZPb4wTuiSgZI=
github.com/pchchv/go-assert v1.0.0/go.mod h1:FkOAc+ewzMCGXG8pSK2d/rUEBZKMBQUXsAIQUOxXbJo=
